hash: edb3908ca1b3054531cd02fa3a3331e0f7b937edfbb18333ef86f4ab4bbc461f
updated: 2017-07-11T16:16:13.966952906+02:00
imports:
- name: github.com/davecgh/go-spew
  version: 04cdfd42973bb9c8589fd6a731800cf222fde1a9
  subpackages:
  - spew
- name: github.com/golang/protobuf
  version: 6a1fa9404c0aebf36c879bc50152edcc953910d2
  subpackages:
  - proto
- name: github.com/inconshreveable/log15
  version: b105bd37f74e5d9dc7b6ad7806715c7a2b83fd3f
- name: github.com/jessevdk/go-flags
  version: 48cf8722c3375517aba351d1f7577c40663a4407
- name: github.com/lann/builder
  version: f22ce00fd9394014049dad11c244859432bd6820
- name: github.com/lann/ps
  version: 62de8c46ede02a7675c4c79c84883eb164cb71e3
- name: github.com/lib/pq
  version: dd1fe2071026ce53f36a39112e645b4d4f5793a4
  subpackages:
  - oid
- name: github.com/Masterminds/squirrel
  version: 20f192218cf52a73397fa2df45bdda720f3e47c8
- name: github.com/mattn/go-colorable
  version: 3fa8c76f9daed4067e4a806fb7e4dc86455c6d6a
- name: github.com/mattn/go-isatty
  version: fc9e8d8ef48496124e79ae0df75490096eccf6fe
- name: github.com/mcuadros/go-defaults
  version: e1c978be3307be96ef03a0bd25d719ab50d277e4
- name: github.com/oklog/ulid
  version: 66bb6560562feca7045b23db1ae85b01260f87c5
- name: github.com/pkg/errors
  version: c605e284fe17294bda444b34710735b29d1a9d90
- name: github.com/pmezard/go-difflib
  version: d8ed2627bdf02c080bf22230dbb337003b7aba2d
  subpackages:
  - difflib
- name: github.com/satori/go.uuid
  version: 879c5887cd475cd7864858769793b2ceb0d44feb
- name: github.com/serenize/snaker
  version: 1c7f65329f6524115af8ca01ab604c00cddf5558
- name: github.com/sergi/go-diff
  version: feef008d51ad2b3778f85d387ccf91735543008d
  subpackages:
  - diffmatchpatch
- name: github.com/src-d/envconfig
  version: 34ca5bb0e3815d60fe5008b1dd188beb83e2e7df
- name: github.com/src-d/gcfg
  version: f187355171c936ac84a82793659ebb4936bc1c23
  subpackages:
  - scanner
  - token
  - types
- name: github.com/streadway/amqp
  version: 2cbfe40c9341ad63ba23e53013b3ddc7989d801c
- name: github.com/stretchr/testify
  version: f6abca593680b2315d2075e0f5e2a9751e3f431a
  subpackages:
  - assert
  - require
  - suite
- name: github.com/xanzy/ssh-agent
  version: ba9c9e33906f58169366275e3450db66139a31a9
- name: golang.org/x/crypto
  version: 3627ff35f31987174dbee61d9d1dcc1c643e7174
  subpackages:
  - curve25519
  - ed25519
  - ed25519/internal/edwards25519
  - ssh
  - ssh/agent
  - ssh/knownhosts
- name: golang.org/x/net
  version: 054b33e6527139ad5b1ec2f6232c3b175bd9a30c
  subpackages:
  - context
- name: golang.org/x/sys
  version: abf9c25f54453410d0c6668e519582a9e1115027
  subpackages:
  - unix
- name: google.golang.org/appengine
  version: ad2570cd3913654e00c5f0183b39d2f998e54046
  subpackages:
  - datastore
  - internal
  - internal/app_identity
  - internal/base
  - internal/datastore
  - internal/log
  - internal/modules
  - internal/remote_api
- name: gopkg.in/inconshreveable/log15.v2
  version: b105bd37f74e5d9dc7b6ad7806715c7a2b83fd3f
  subpackages:
  - stack
  - term
- name: gopkg.in/mgo.v2
  version: 3f83fa5005286a7fe593b055f0d7771a7dce4655
  subpackages:
  - bson
  - internal/json
- name: gopkg.in/src-d/core-retrieval.v0
  version: bf9b3d791c9df25da40efe0950c647713cc13f50
  subpackages:
  - model
  - repository
  - test
- name: gopkg.in/src-d/framework.v0
  version: 06c61f8f6a8913f3d4d465bab758ff06c0b3d920
  subpackages:
  - configurable
  - database
  - queue
- name: gopkg.in/src-d/go-billy-siva.v3
  version: 763351934333e34370292b308c74bcb71035e22a
  repo: https://github.com/src-d/go-billy-siva.git
- name: gopkg.in/src-d/go-billy.v3
  version: c329b7bc7b9d24905d2bc1b85bfa29f7ae266314
  subpackages:
  - helper/chroot
  - helper/mount
  - helper/polyfill
  - memfs
  - osfs
  - util
- name: gopkg.in/src-d/go-errors.v0
  version: 6f07baca276330431b44ece8ee84ac98167bc4ea
- name: gopkg.in/src-d/go-git.v4
  version: 722531c9d81327ade2eda921a5b9ba46bb60ad7f
  repo: https://github.com/smola/go-git.git
  subpackages:
  - config
  - internal/revision
  - plumbing
  - plumbing/cache
  - plumbing/filemode
  - plumbing/format/config
  - plumbing/format/diff
  - plumbing/format/gitignore
  - plumbing/format/idxfile
  - plumbing/format/index
  - plumbing/format/objfile
  - plumbing/format/packfile
  - plumbing/format/pktline
  - plumbing/object
  - plumbing/protocol/packp
  - plumbing/protocol/packp/capability
  - plumbing/protocol/packp/sideband
  - plumbing/revlist
  - plumbing/storer
  - plumbing/transport
  - plumbing/transport/client
  - plumbing/transport/file
  - plumbing/transport/git
  - plumbing/transport/http
  - plumbing/transport/internal/common
  - plumbing/transport/server
  - plumbing/transport/ssh
  - storage
  - storage/filesystem
  - storage/filesystem/internal/dotgit
  - storage/memory
  - utils/binary
  - utils/diff
  - utils/ioutil
  - utils/merkletrie
  - utils/merkletrie/filesystem
  - utils/merkletrie/index
  - utils/merkletrie/internal/frame
  - utils/merkletrie/noder
- name: gopkg.in/src-d/go-kallax.v1
  version: 2cc6c43422cceee02f3b75a702973fe3834f831f
  subpackages:
  - types
- name: gopkg.in/src-d/go-siva.v1
  version: df707095626f384ce2dc1a83b30f9a21d69b9dfc
- name: gopkg.in/vmihailenco/msgpack.v2
  version: f4f8982de4ef0de18be76456617cc3f5d8d8141e
  subpackages:
  - codes
- name: gopkg.in/warnings.v0
  version: 8a331561fe74dadba6edfc59f3be66c22c3b065d
testImports:
- name: github.com/alcortesm/tgz
  version: 9c5fe88206d7765837fed3732a42ef88fc51f1a1
- name: github.com/src-d/go-git-fixtures
  version: 03ddd4bf3d4a1baf61e72fd8ee4746db9005f5e7
- name: gopkg.in/check.v1
  version: 20d25e2804050c1cd24a7eea1e7a6447dd0e74ec
